
Microsoft Visual Studio Solution File, Format Version 12.00
# Visual Studio Version 17
VisualStudioVersion = 17.3.32811.315
MinimumVisualStudioVersion = 10.0.40219.1
Project("{9A19103F-16F7-4668-BE54-9A1E7A4F7556}") = "FigureArea", "FigureSquare\FigureArea.csproj", "{E491AFD3-C3EE-45AA-A1A4-77A9952261E7}"
EndProject
Project("{FAE04EC0-301F-11D3-BF4B-00C04F79EFBC}") = "FigureArea.Tests", "Tests\FigureArea.Tests.csproj", "{12C9A4A5-E352-4307-9346-B65B6E405EC2}"
EndProject
Global
	GlobalSection(SolutionConfigurationPlatforms) = preSolution
		Debug|Any CPU = Debug|Any CPU
		Release|Any CPU = Release|Any CPU
	EndGlobalSection
	GlobalSection(ProjectConfigurationPlatforms) = postSolution
		{E491AFD3-C3EE-45AA-A1A4-77A9952261E7}.Debug|Any CPU.ActiveCfg = Debug|Any CPU
		{E491AFD3-C3EE-45AA-A1A4-77A9952261E7}.Debug|Any CPU.Build.0 = Debug|Any CPU
		{E491AFD3-C3EE-45AA-A1A4-77A9952261E7}.Release|Any CPU.ActiveCfg = Release|Any CPU
		{E491AFD3-C3EE-45AA-A1A4-77A9952261E7}.Release|Any CPU.Build.0 = Release|Any CPU
		{12C9A4A5-E352-4307-9346-B65B6E405EC2}.Debug|Any CPU.ActiveCfg = Debug|Any CPU
		{12C9A4A5-E352-4307-9346-B65B6E405EC2}.Debug|Any CPU.Build.0 = Debug|Any CPU
		{12C9A4A5-E352-4307-9346-B65B6E405EC2}.Release|Any CPU.ActiveCfg = Release|Any CPU
		{12C9A4A5-E352-4307-9346-B65B6E405EC2}.Release|Any CPU.Build.0 = Release|Any CPU
	EndGlobalSection
	GlobalSection(SolutionProperties) = preSolution
		HideSolutionNode = FALSE
	EndGlobalSection
	GlobalSection(ExtensibilityGlobals) = postSolution
		SolutionGuid = {BC65B71D-1D73-4B4F-98DD-A282EC08FEA6}
	EndGlobalSection
EndGlobal
